
Microsoft Visual Studio Solution File, Format Version 12.00
Project("{2150E333-8FDC-42A3-9474-1A3956D46DE8}") = "solution-items", "solution-items", "{7DF6EFDF-523C-40FF-A9D4-D623981D9C02}"
	ProjectSection(SolutionItems) = preProject
		docker-compose-all-impl.yml = docker-compose-all-impl.yml
		docker-compose-all.yml = docker-compose-all.yml
		dotnet-micro-services-example.sln = dotnet-micro-services-example.sln
		global.json = global.json
		.gitignore = .gitignore
	EndProjectSection
EndProject
Project("{2150E333-8FDC-42A3-9474-1A3956D46DE8}") = "src", "src", "{2F4496E9-56D5-47FA-9765-48853A57446D}"
EndProject
Project("{2150E333-8FDC-42A3-9474-1A3956D46DE8}") = "test", "test", "{ECE78CE0-D374-4F18-9314-B130164C19B6}"
EndProject
Project("{2150E333-8FDC-42A3-9474-1A3956D46DE8}") = "building-blocks", "building-blocks", "{9A70A809-B9A2-48B9-AEC0-51CA6D24B248}"
EndProject
Project("{2150E333-8FDC-42A3-9474-1A3956D46DE8}") = "apps", "apps", "{CA6AEB8A-A1EB-4630-9329-04B12A4DF681}"
EndProject
Project("{2150E333-8FDC-42A3-9474-1A3956D46DE8}") = "api-gateways", "api-gateways", "{F941B6D3-E01D-4282-A686-4DFDF92E4F0C}"
EndProject
Project("{2150E333-8FDC-42A3-9474-1A3956D46DE8}") = "samples", "samples", "{B5D7B1A9-5E71-4C55-8D56-2DFD02E1325B}"
EndProject
Project("{2150E333-8FDC-42A3-9474-1A3956D46DE8}") = "event-bus", "event-bus", "{121D53BA-5A67-4FE7-9B3F-2E34F32EF014}"
EndProject
Project("{FAE04EC0-301F-11D3-BF4B-00C04F79EFBC}") = "EventBus.Messages", "src\building-blocks\event-bus\EventBus.Messages\EventBus.Messages.csproj", "{D5160B6F-15E4-4E46-B578-9CD6E34E32DC}"
EndProject
Project("{FAE04EC0-301F-11D3-BF4B-00C04F79EFBC}") = "Common.Logging", "src\building-blocks\Common.Logging\Common.Logging.csproj", "{8F72E934-D351-44A6-9B26-5B122A17779E}"
EndProject
Project("{FAE04EC0-301F-11D3-BF4B-00C04F79EFBC}") = "Contracts", "src\building-blocks\Contracts\Contracts.csproj", "{DE315055-184D-4991-A964-3419F8B2EEBE}"
EndProject
Project("{FAE04EC0-301F-11D3-BF4B-00C04F79EFBC}") = "Infrastructure", "src\building-blocks\Infrastructure\Infrastructure.csproj", "{25E6D996-7DCB-44BF-A85F-C594520E921E}"
EndProject
Project("{FAE04EC0-301F-11D3-BF4B-00C04F79EFBC}") = "Shared", "src\building-blocks\Shared\Shared.csproj", "{623B2932-FF95-4C75-A75B-3A1420319AD8}"
EndProject
Project("{FAE04EC0-301F-11D3-BF4B-00C04F79EFBC}") = "Ocelot.Gateway", "src\api-gateways\Ocelot.Gateway\Ocelot.Gateway.csproj", "{4D4BA8A2-B03D-4502-858B-27B4FD85D88E}"
EndProject
Project("{2150E333-8FDC-42A3-9474-1A3956D46DE8}") = "basket", "basket", "{C0FFDFFA-AC8B-4D14-BDD3-CB1C6214F655}"
EndProject
Project("{2150E333-8FDC-42A3-9474-1A3956D46DE8}") = "customer", "customer", "{E9BF38EC-FC6E-4C96-B990-82043454CADE}"
EndProject
Project("{2150E333-8FDC-42A3-9474-1A3956D46DE8}") = "ordering", "ordering", "{AF374CCF-5793-40E6-9951-E2D32C8B7ECE}"
EndProject
Project("{2150E333-8FDC-42A3-9474-1A3956D46DE8}") = "product", "product", "{F4A21CFA-8C3B-4893-BAA8-0C23C63785C6}"
EndProject
Project("{FAE04EC0-301F-11D3-BF4B-00C04F79EFBC}") = "Basket.API", "src\apps\basket\Basket.API\Basket.API.csproj", "{7A8CCFD8-67E0-4C28-AF89-36758329A7CD}"
EndProject
Project("{FAE04EC0-301F-11D3-BF4B-00C04F79EFBC}") = "Customer.API", "src\apps\customer\Customer.API\Customer.API.csproj", "{D0887AC8-65FD-4B1E-AE36-1520AB5630E7}"
EndProject
Project("{FAE04EC0-301F-11D3-BF4B-00C04F79EFBC}") = "Product.API", "src\apps\product\Product.API\Product.API.csproj", "{CB075A71-8829-4576-94BF-1145AB8DB61D}"
EndProject
Project("{FAE04EC0-301F-11D3-BF4B-00C04F79EFBC}") = "Ordering.API", "src\apps\ordering\Ordering.API\Ordering.API.csproj", "{0914E93E-A6BF-410C-8B2D-646ABA979106}"
EndProject
Project("{FAE04EC0-301F-11D3-BF4B-00C04F79EFBC}") = "Ordering.Application", "src\apps\ordering\Ordering.Application\Ordering.Application.csproj", "{B8C25B19-806C-4167-A226-BA7CB60A2CBF}"
EndProject
Project("{FAE04EC0-301F-11D3-BF4B-00C04F79EFBC}") = "Ordering.Domain", "src\apps\ordering\Ordering.Domain\Ordering.Domain.csproj", "{819D57A9-4155-4B47-9E10-939E4D675497}"
EndProject
Project("{FAE04EC0-301F-11D3-BF4B-00C04F79EFBC}") = "Ordering.Infrastructure", "src\apps\ordering\Ordering.Infrastructure\Ordering.Infrastructure.csproj", "{65800893-8573-4D99-B0F9-F70238C7C62B}"
EndProject
Global
	GlobalSection(SolutionConfigurationPlatforms) = preSolution
		Debug|Any CPU = Debug|Any CPU
		Release|Any CPU = Release|Any CPU
	EndGlobalSection
	GlobalSection(NestedProjects) = preSolution
		{9A70A809-B9A2-48B9-AEC0-51CA6D24B248} = {2F4496E9-56D5-47FA-9765-48853A57446D}
		{CA6AEB8A-A1EB-4630-9329-04B12A4DF681} = {2F4496E9-56D5-47FA-9765-48853A57446D}
		{F941B6D3-E01D-4282-A686-4DFDF92E4F0C} = {2F4496E9-56D5-47FA-9765-48853A57446D}
		{B5D7B1A9-5E71-4C55-8D56-2DFD02E1325B} = {2F4496E9-56D5-47FA-9765-48853A57446D}
		{121D53BA-5A67-4FE7-9B3F-2E34F32EF014} = {9A70A809-B9A2-48B9-AEC0-51CA6D24B248}
		{D5160B6F-15E4-4E46-B578-9CD6E34E32DC} = {121D53BA-5A67-4FE7-9B3F-2E34F32EF014}
		{8F72E934-D351-44A6-9B26-5B122A17779E} = {9A70A809-B9A2-48B9-AEC0-51CA6D24B248}
		{DE315055-184D-4991-A964-3419F8B2EEBE} = {9A70A809-B9A2-48B9-AEC0-51CA6D24B248}
		{25E6D996-7DCB-44BF-A85F-C594520E921E} = {9A70A809-B9A2-48B9-AEC0-51CA6D24B248}
		{623B2932-FF95-4C75-A75B-3A1420319AD8} = {9A70A809-B9A2-48B9-AEC0-51CA6D24B248}
		{4D4BA8A2-B03D-4502-858B-27B4FD85D88E} = {F941B6D3-E01D-4282-A686-4DFDF92E4F0C}
		{C0FFDFFA-AC8B-4D14-BDD3-CB1C6214F655} = {CA6AEB8A-A1EB-4630-9329-04B12A4DF681}
		{E9BF38EC-FC6E-4C96-B990-82043454CADE} = {CA6AEB8A-A1EB-4630-9329-04B12A4DF681}
		{AF374CCF-5793-40E6-9951-E2D32C8B7ECE} = {CA6AEB8A-A1EB-4630-9329-04B12A4DF681}
		{F4A21CFA-8C3B-4893-BAA8-0C23C63785C6} = {CA6AEB8A-A1EB-4630-9329-04B12A4DF681}
		{7A8CCFD8-67E0-4C28-AF89-36758329A7CD} = {C0FFDFFA-AC8B-4D14-BDD3-CB1C6214F655}
		{D0887AC8-65FD-4B1E-AE36-1520AB5630E7} = {E9BF38EC-FC6E-4C96-B990-82043454CADE}
		{CB075A71-8829-4576-94BF-1145AB8DB61D} = {F4A21CFA-8C3B-4893-BAA8-0C23C63785C6}
		{0914E93E-A6BF-410C-8B2D-646ABA979106} = {AF374CCF-5793-40E6-9951-E2D32C8B7ECE}
		{B8C25B19-806C-4167-A226-BA7CB60A2CBF} = {AF374CCF-5793-40E6-9951-E2D32C8B7ECE}
		{819D57A9-4155-4B47-9E10-939E4D675497} = {AF374CCF-5793-40E6-9951-E2D32C8B7ECE}
		{65800893-8573-4D99-B0F9-F70238C7C62B} = {AF374CCF-5793-40E6-9951-E2D32C8B7ECE}
	EndGlobalSection
	GlobalSection(ProjectConfigurationPlatforms) = postSolution
		{D5160B6F-15E4-4E46-B578-9CD6E34E32DC}.Debug|Any CPU.ActiveCfg = Debug|Any CPU
		{D5160B6F-15E4-4E46-B578-9CD6E34E32DC}.Debug|Any CPU.Build.0 = Debug|Any CPU
		{D5160B6F-15E4-4E46-B578-9CD6E34E32DC}.Release|Any CPU.ActiveCfg = Release|Any CPU
		{D5160B6F-15E4-4E46-B578-9CD6E34E32DC}.Release|Any CPU.Build.0 = Release|Any CPU
		{8F72E934-D351-44A6-9B26-5B122A17779E}.Debug|Any CPU.ActiveCfg = Debug|Any CPU
		{8F72E934-D351-44A6-9B26-5B122A17779E}.Debug|Any CPU.Build.0 = Debug|Any CPU
		{8F72E934-D351-44A6-9B26-5B122A17779E}.Release|Any CPU.ActiveCfg = Release|Any CPU
		{8F72E934-D351-44A6-9B26-5B122A17779E}.Release|Any CPU.Build.0 = Release|Any CPU
		{DE315055-184D-4991-A964-3419F8B2EEBE}.Debug|Any CPU.ActiveCfg = Debug|Any CPU
		{DE315055-184D-4991-A964-3419F8B2EEBE}.Debug|Any CPU.Build.0 = Debug|Any CPU
		{DE315055-184D-4991-A964-3419F8B2EEBE}.Release|Any CPU.ActiveCfg = Release|Any CPU
		{DE315055-184D-4991-A964-3419F8B2EEBE}.Release|Any CPU.Build.0 = Release|Any CPU
		{25E6D996-7DCB-44BF-A85F-C594520E921E}.Debug|Any CPU.ActiveCfg = Debug|Any CPU
		{25E6D996-7DCB-44BF-A85F-C594520E921E}.Debug|Any CPU.Build.0 = Debug|Any CPU
		{25E6D996-7DCB-44BF-A85F-C594520E921E}.Release|Any CPU.ActiveCfg = Release|Any CPU
		{25E6D996-7DCB-44BF-A85F-C594520E921E}.Release|Any CPU.Build.0 = Release|Any CPU
		{623B2932-FF95-4C75-A75B-3A1420319AD8}.Debug|Any CPU.ActiveCfg = Debug|Any CPU
		{623B2932-FF95-4C75-A75B-3A1420319AD8}.Debug|Any CPU.Build.0 = Debug|Any CPU
		{623B2932-FF95-4C75-A75B-3A1420319AD8}.Release|Any CPU.ActiveCfg = Release|Any CPU
		{623B2932-FF95-4C75-A75B-3A1420319AD8}.Release|Any CPU.Build.0 = Release|Any CPU
		{4D4BA8A2-B03D-4502-858B-27B4FD85D88E}.Debug|Any CPU.ActiveCfg = Debug|Any CPU
		{4D4BA8A2-B03D-4502-858B-27B4FD85D88E}.Debug|Any CPU.Build.0 = Debug|Any CPU
		{4D4BA8A2-B03D-4502-858B-27B4FD85D88E}.Release|Any CPU.ActiveCfg = Release|Any CPU
		{4D4BA8A2-B03D-4502-858B-27B4FD85D88E}.Release|Any CPU.Build.0 = Release|Any CPU
		{7A8CCFD8-67E0-4C28-AF89-36758329A7CD}.Debug|Any CPU.ActiveCfg = Debug|Any CPU
		{7A8CCFD8-67E0-4C28-AF89-36758329A7CD}.Debug|Any CPU.Build.0 = Debug|Any CPU
		{7A8CCFD8-67E0-4C28-AF89-36758329A7CD}.Release|Any CPU.ActiveCfg = Release|Any CPU
		{7A8CCFD8-67E0-4C28-AF89-36758329A7CD}.Release|Any CPU.Build.0 = Release|Any CPU
		{D0887AC8-65FD-4B1E-AE36-1520AB5630E7}.Debug|Any CPU.ActiveCfg = Debug|Any CPU
		{D0887AC8-65FD-4B1E-AE36-1520AB5630E7}.Debug|Any CPU.Build.0 = Debug|Any CPU
		{D0887AC8-65FD-4B1E-AE36-1520AB5630E7}.Release|Any CPU.ActiveCfg = Release|Any CPU
		{D0887AC8-65FD-4B1E-AE36-1520AB5630E7}.Release|Any CPU.Build.0 = Release|Any CPU
		{CB075A71-8829-4576-94BF-1145AB8DB61D}.Debug|Any CPU.ActiveCfg = Debug|Any CPU
		{CB075A71-8829-4576-94BF-1145AB8DB61D}.Debug|Any CPU.Build.0 = Debug|Any CPU
		{CB075A71-8829-4576-94BF-1145AB8DB61D}.Release|Any CPU.ActiveCfg = Release|Any CPU
		{CB075A71-8829-4576-94BF-1145AB8DB61D}.Release|Any CPU.Build.0 = Release|Any CPU
		{0914E93E-A6BF-410C-8B2D-646ABA979106}.Debug|Any CPU.ActiveCfg = Debug|Any CPU
		{0914E93E-A6BF-410C-8B2D-646ABA979106}.Debug|Any CPU.Build.0 = Debug|Any CPU
		{0914E93E-A6BF-410C-8B2D-646ABA979106}.Release|Any CPU.ActiveCfg = Release|Any CPU
		{0914E93E-A6BF-410C-8B2D-646ABA979106}.Release|Any CPU.Build.0 = Release|Any CPU
		{B8C25B19-806C-4167-A226-BA7CB60A2CBF}.Debug|Any CPU.ActiveCfg = Debug|Any CPU
		{B8C25B19-806C-4167-A226-BA7CB60A2CBF}.Debug|Any CPU.Build.0 = Debug|Any CPU
		{B8C25B19-806C-4167-A226-BA7CB60A2CBF}.Release|Any CPU.ActiveCfg = Release|Any CPU
		{B8C25B19-806C-4167-A226-BA7CB60A2CBF}.Release|Any CPU.Build.0 = Release|Any CPU
		{819D57A9-4155-4B47-9E10-939E4D675497}.Debug|Any CPU.ActiveCfg = Debug|Any CPU
		{819D57A9-4155-4B47-9E10-939E4D675497}.Debug|Any CPU.Build.0 = Debug|Any CPU
		{819D57A9-4155-4B47-9E10-939E4D675497}.Release|Any CPU.ActiveCfg = Release|Any CPU
		{819D57A9-4155-4B47-9E10-939E4D675497}.Release|Any CPU.Build.0 = Release|Any CPU
		{65800893-8573-4D99-B0F9-F70238C7C62B}.Debug|Any CPU.ActiveCfg = Debug|Any CPU
		{65800893-8573-4D99-B0F9-F70238C7C62B}.Debug|Any CPU.Build.0 = Debug|Any CPU
		{65800893-8573-4D99-B0F9-F70238C7C62B}.Release|Any CPU.ActiveCfg = Release|Any CPU
		{65800893-8573-4D99-B0F9-F70238C7C62B}.Release|Any CPU.Build.0 = Release|Any CPU
	EndGlobalSection
EndGlobal
